// !$*UTF8*$!
{
	archiveVersion = 1;
	classes = {
	};
	objectVersion = 56;
	objects = {

/* Begin PBXBuildFile section */
		6D80F3992956C87E004971A7 /* AppDelegate.swift in Sources */ = {isa = PBXBuildFile; fileRef = 6D80F3982956C87E004971A7 /* AppDelegate.swift */; };
		6D80F39B2956C87E004971A7 /* SceneDelegate.swift in Sources */ = {isa = PBXBuildFile; fileRef = 6D80F39A2956C87E004971A7 /* SceneDelegate.swift */; };
		6D80F39D2956C87E004971A7 /* ViewController.swift in Sources */ = {isa = PBXBuildFile; fileRef = 6D80F39C2956C87E004971A7 /* ViewController.swift */; };
		6D80F3A02956C87E004971A7 /* Main.storyboard in Resources */ = {isa = PBXBuildFile; fileRef = 6D80F39E2956C87E004971A7 /* Main.storyboard */; };
		6D80F3A22956C87E004971A7 /* Assets.xcassets in Resources */ = {isa = PBXBuildFile; fileRef = 6D80F3A12956C87E004971A7 /* Assets.xcassets */; };
		6D80F3A52956C87E004971A7 /* LaunchScreen.storyboard in Resources */ = {isa = PBXBuildFile; fileRef = 6D80F3A32956C87E004971A7 /* LaunchScreen.storyboard */; };
		6D80F3B32956C89A004971A7 /* test_watchkit_WatchAppApp.swift in Sources */ = {isa = PBXBuildFile; fileRef = 6D80F3B22956C89A004971A7 /* test_watchkit_WatchAppApp.swift */; };
		6D80F3B52956C89A004971A7 /* ContentView.swift in Sources */ = {isa = PBXBuildFile; fileRef = 6D80F3B42956C89A004971A7 /* ContentView.swift */; };
		6D80F3B72956C89A004971A7 /* Assets.xcassets in Resources */ = {isa = PBXBuildFile; fileRef = 6D80F3B62956C89A004971A7 /* Assets.xcassets */; };
		6D80F3BA2956C89A004971A7 /* Preview Assets.xcassets in Resources */ = {isa = PBXBuildFile; fileRef = 6D80F3B92956C89A004971A7 /* Preview Assets.xcassets */; };
		6D80F3BF2956CB23004971A7 /* AnimalListViewModel.swift in Sources */ = {isa = PBXBuildFile; fileRef = 6D80F3BE2956CB23004971A7 /* AnimalListViewModel.swift */; };
		6D80F3C12956CBEC004971A7 /* MessageListViewModel.swift in Sources */ = {isa = PBXBuildFile; fileRef = 6D80F3C02956CBEC004971A7 /* MessageListViewModel.swift */; };
		6D80F3C32956D0B9004971A7 /* test_watchkit WatchApp Watch App.app in Embed Watch Content */ = {isa = PBXBuildFile; fileRef = 6D80F3B02956C89A004971A7 /* test_watchkit WatchApp Watch App.app */; settings = {ATTRIBUTES = (RemoveHeadersOnCopy, ); }; };
		6DB063C22956E7D500B9999E /* HeartbeatManager.swift in Sources */ = {isa = PBXBuildFile; fileRef = 6DB063C12956E7D500B9999E /* HeartbeatManager.swift */; };
/* End PBXBuildFile section */

/* Begin PBXContainerItemProxy section */
		6D80F3C42956D0B9004971A7 /* PBXContainerItemProxy */ = {
			isa = PBXContainerItemProxy;
			containerPortal = 6D80F38D2956C87E004971A7 /* Project object */;
			proxyType = 1;
			remoteGlobalIDString = 6D80F3AF2956C89A004971A7;
			remoteInfo = "test_watchkit WatchApp Watch App";
		};
/* End PBXContainerItemProxy section */

/* Begin PBXCopyFilesBuildPhase section */
		6D80F3C62956D0B9004971A7 /* Embed Watch Content */ = {
			isa = PBXCopyFilesBuildPhase;
			buildActionMask = 2147483647;
			dstPath = "$(CONTENTS_FOLDER_PATH)/Watch";
			dstSubfolderSpec = 16;
			files = (
				6D80F3C32956D0B9004971A7 /* test_watchkit WatchApp Watch App.app in Embed Watch Content */,
			);
			name = "Embed Watch Content";
			runOnlyForDeploymentPostprocessing = 0;
		};
/* End PBXCopyFilesBuildPhase section */

/* Begin PBXFileReference section */
		6D80F3952956C87E004971A7 /* test_watchkit.app */ = {isa = PBXFileReference; explicitFileType = wrapper.application; includeInIndex = 0; path = test_watchkit.app; sourceTree = BUILT_PRODUCTS_DIR; };
		6D80F3982956C87E004971A7 /* AppDelegate.swift */ = {isa = PBXFileReference; lastKnownFileType = sourcecode.swift; path = AppDelegate.swift; sourceTree = "<group>"; };
		6D80F39A2956C87E004971A7 /* SceneDelegate.swift */ = {isa = PBXFileReference; lastKnownFileType = sourcecode.swift; path = SceneDelegate.swift; sourceTree = "<group>"; };
		6D80F39C2956C87E004971A7 /* ViewController.swift */ = {isa = PBXFileReference; lastKnownFileType = sourcecode.swift; path = ViewController.swift; sourceTree = "<group>"; };
		6D80F39F2956C87E004971A7 /* Base */ = {isa = PBXFileReference; lastKnownFileType = file.storyboard; name = Base; path = Base.lproj/Main.storyboard; sourceTree = "<group>"; };
		6D80F3A12956C87E004971A7 /* Assets.xcassets */ = {isa = PBXFileReference; lastKnownFileType = folder.assetcatalog; path = Assets.xcassets; sourceTree = "<group>"; };
		6D80F3A42956C87E004971A7 /* Base */ = {isa = PBXFileReference; lastKnownFileType = file.storyboard; name = Base; path = Base.lproj/LaunchScreen.storyboard; sourceTree = "<group>"; };
		6D80F3A62956C87E004971A7 /* Info.plist */ = {isa = PBXFileReference; lastKnownFileType = text.plist.xml; path = Info.plist; sourceTree = "<group>"; };
		6D80F3B02956C89A004971A7 /* test_watchkit WatchApp Watch App.app */ = {isa = PBXFileReference; explicitFileType = wrapper.application; includeInIndex = 0; path = "test_watchkit WatchApp Watch App.app"; sourceTree = BUILT_PRODUCTS_DIR; };
		6D80F3B22956C89A004971A7 /* test_watchkit_WatchAppApp.swift */ = {isa = PBXFileReference; lastKnownFileType = sourcecode.swift; path = test_watchkit_WatchAppApp.swift; sourceTree = "<group>"; };
		6D80F3B42956C89A004971A7 /* ContentView.swift */ = {isa = PBXFileReference; lastKnownFileType = sourcecode.swift; path = ContentView.swift; sourceTree = "<group>"; };
		6D80F3B62956C89A004971A7 /* Assets.xcassets */ = {isa = PBXFileReference; lastKnownFileType = folder.assetcatalog; path = Assets.xcassets; sourceTree = "<group>"; };
		6D80F3B92956C89A004971A7 /* Preview Assets.xcassets */ = {isa = PBXFileReference; lastKnownFileType = folder.assetcatalog; path = "Preview Assets.xcassets"; sourceTree = "<group>"; };
		6D80F3BE2956CB23004971A7 /* AnimalListViewModel.swift */ = {isa = PBXFileReference; lastKnownFileType = sourcecode.swift; path = AnimalListViewModel.swift; sourceTree = "<group>"; };
		6D80F3C02956CBEC004971A7 /* MessageListViewModel.swift */ = {isa = PBXFileReference; lastKnownFileType = sourcecode.swift; path = MessageListViewModel.swift; sourceTree = "<group>"; };
		6DB063C12956E7D500B9999E /* HeartbeatManager.swift */ = {isa = PBXFileReference; lastKnownFileType = sourcecode.swift; path = HeartbeatManager.swift; sourceTree = "<group>"; };
		6DB064322957484600B9999E /* test_watchkit WatchApp Watch App.entitlements */ = {isa = PBXFileReference; lastKnownFileType = text.plist.entitlements; path = "test_watchkit WatchApp Watch App.entitlements"; sourceTree = "<group>"; };
/* End PBXFileReference section */

/* Begin PBXFrameworksBuildPhase section */
		6D80F3922956C87E004971A7 /* Frameworks */ = {
			isa = PBXFrameworksBuildPhase;
			buildActionMask = 2147483647;
			files = (
			);
			runOnlyForDeploymentPostprocessing = 0;
		};
		6D80F3AD2956C89A004971A7 /* Frameworks */ = {
			isa = PBXFrameworksBuildPhase;
			buildActionMask = 2147483647;
			files = (
			);
			runOnlyForDeploymentPostprocessing = 0;
		};
/* End PBXFrameworksBuildPhase section */

/* Begin PBXGroup section */
		6D80F38C2956C87E004971A7 = {
			isa = PBXGroup;
			children = (
				6D80F3972956C87E004971A7 /* test_watchkit */,
				6D80F3B12956C89A004971A7 /* test_watchkit WatchApp Watch App */,
				6D80F3962956C87E004971A7 /* Products */,
				6D80F3C22956D0B9004971A7 /* Frameworks */,
			);
			sourceTree = "<group>";
		};
		6D80F3962956C87E004971A7 /* Products */ = {
			isa = PBXGroup;
			children = (
				6D80F3952956C87E004971A7 /* test_watchkit.app */,
				6D80F3B02956C89A004971A7 /* test_watchkit WatchApp Watch App.app */,
			);
			name = Products;
			sourceTree = "<group>";
		};
		6D80F3972956C87E004971A7 /* test_watchkit */ = {
			isa = PBXGroup;
			children = (
				6D80F3982956C87E004971A7 /* AppDelegate.swift */,
				6D80F39A2956C87E004971A7 /* SceneDelegate.swift */,
				6D80F39C2956C87E004971A7 /* ViewController.swift */,
				6D80F3C02956CBEC004971A7 /* MessageListViewModel.swift */,
				6D80F39E2956C87E004971A7 /* Main.storyboard */,
				6D80F3A12956C87E004971A7 /* Assets.xcassets */,
				6D80F3A32956C87E004971A7 /* LaunchScreen.storyboard */,
				6D80F3A62956C87E004971A7 /* Info.plist */,
			);
			path = test_watchkit;
			sourceTree = "<group>";
		};
		6D80F3B12956C89A004971A7 /* test_watchkit WatchApp Watch App */ = {
			isa = PBXGroup;
			children = (
				6DB064322957484600B9999E /* test_watchkit WatchApp Watch App.entitlements */,
				6D80F3B22956C89A004971A7 /* test_watchkit_WatchAppApp.swift */,
				6D80F3B42956C89A004971A7 /* ContentView.swift */,
				6DB063C12956E7D500B9999E /* HeartbeatManager.swift */,
				6D80F3BE2956CB23004971A7 /* AnimalListViewModel.swift */,
				6D80F3B62956C89A004971A7 /* Assets.xcassets */,
				6D80F3B82956C89A004971A7 /* Preview Content */,
			);
			path = "test_watchkit WatchApp Watch App";
			sourceTree = "<group>";
		};
		6D80F3B82956C89A004971A7 /* Preview Content */ = {
			isa = PBXGroup;
			children = (
				6D80F3B92956C89A004971A7 /* Preview Assets.xcassets */,
			);
			path = "Preview Content";
			sourceTree = "<group>";
		};
		6D80F3C22956D0B9004971A7 /* Frameworks */ = {
			isa = PBXGroup;
			children = (
			);
			name = Frameworks;
			sourceTree = "<group>";
		};
/* End PBXGroup section */

/* Begin PBXNativeTarget section */
		6D80F3942956C87E004971A7 /* test_watchkit */ = {
			isa = PBXNativeTarget;
			buildConfigurationList = 6D80F3A92956C87E004971A7 /* Build configuration list for PBXNativeTarget "test_watchkit" */;
			buildPhases = (
				6D80F3912956C87E004971A7 /* Sources */,
				6D80F3922956C87E004971A7 /* Frameworks */,
				6D80F3932956C87E004971A7 /* Resources */,
				6D80F3C62956D0B9004971A7 /* Embed Watch Content */,
			);
			buildRules = (
			);
			dependencies = (
				6D80F3C52956D0B9004971A7 /* PBXTargetDependency */,
			);
			name = test_watchkit;
			productName = test_watchkit;
			productReference = 6D80F3952956C87E004971A7 /* test_watchkit.app */;
			productType = "com.apple.product-type.application";
		};
		6D80F3AF2956C89A004971A7 /* test_watchkit WatchApp Watch App */ = {
			isa = PBXNativeTarget;
			buildConfigurationList = 6D80F3BB2956C89A004971A7 /* Build configuration list for PBXNativeTarget "test_watchkit WatchApp Watch App" */;
			buildPhases = (
				6D80F3AC2956C89A004971A7 /* Sources */,
				6D80F3AD2956C89A004971A7 /* Frameworks */,
				6D80F3AE2956C89A004971A7 /* Resources */,
			);
			buildRules = (
			);
			dependencies = (
			);
			name = "test_watchkit WatchApp Watch App";
			productName = "test_watchkit WatchApp Watch App";
			productReference = 6D80F3B02956C89A004971A7 /* test_watchkit WatchApp Watch App.app */;
			productType = "com.apple.product-type.application";
		};
/* End PBXNativeTarget section */

/* Begin PBXProject section */
		6D80F38D2956C87E004971A7 /* Project object */ = {
			isa = PBXProject;
			attributes = {
				BuildIndependentTargetsInParallel = 1;
				LastSwiftUpdateCheck = 1420;
				LastUpgradeCheck = 1420;
				TargetAttributes = {
					6D80F3942956C87E004971A7 = {
						CreatedOnToolsVersion = 14.2;
					};
					6D80F3AF2956C89A004971A7 = {
						CreatedOnToolsVersion = 14.2;
					};
				};
			};
			buildConfigurationList = 6D80F3902956C87E004971A7 /* Build configuration list for PBXProject "test_watchkit" */;
			compatibilityVersion = "Xcode 14.0";
			developmentRegion = en;
			hasScannedForEncodings = 0;
			knownRegions = (
				en,
				Base,
			);
			mainGroup = 6D80F38C2956C87E004971A7;
			productRefGroup = 6D80F3962956C87E004971A7 /* Products */;
			projectDirPath = "";
			projectRoot = "";
			targets = (
				6D80F3942956C87E004971A7 /* test_watchkit */,
				6D80F3AF2956C89A004971A7 /* test_watchkit WatchApp Watch App */,
			);
		};
/* End PBXProject section */

/* Begin PBXResourcesBuildPhase section */
		6D80F3932956C87E004971A7 /* Resources */ = {
			isa = PBXResourcesBuildPhase;
			buildActionMask = 2147483647;
			files = (
				6D80F3A52956C87E004971A7 /* LaunchScreen.storyboard in Resources */,
				6D80F3A22956C87E004971A7 /* Assets.xcassets in Resources */,
				6D80F3A02956C87E004971A7 /* Main.storyboard in Resources */,
			);
			runOnlyForDeploymentPostprocessing = 0;
		};
		6D80F3AE2956C89A004971A7 /* Resources */ = {
			isa = PBXResourcesBuildPhase;
			buildActionMask = 2147483647;
			files = (
				6D80F3BA2956C89A004971A7 /* Preview Assets.xcassets in Resources */,
				6D80F3B72956C89A004971A7 /* Assets.xcassets in Resources */,
			);
			runOnlyForDeploymentPostprocessing = 0;
		};
/* End PBXResourcesBuildPhase section */

/* Begin PBXSourcesBuildPhase section */
		6D80F3912956C87E004971A7 /* Sources */ = {
			isa = PBXSourcesBuildPhase;
			buildActionMask = 2147483647;
			files = (
				6D80F39D2956C87E004971A7 /* ViewController.swift in Sources */,
				6D80F3992956C87E004971A7 /* AppDelegate.swift in Sources */,
				6D80F3C12956CBEC004971A7 /* MessageListViewModel.swift in Sources */,
				6D80F39B2956C87E004971A7 /* SceneDelegate.swift in Sources */,
			);
			runOnlyForDeploymentPostprocessing = 0;
		};
		6D80F3AC2956C89A004971A7 /* Sources */ = {
			isa = PBXSourcesBuildPhase;
			buildActionMask = 2147483647;
			files = (
				6DB063C22956E7D500B9999E /* HeartbeatManager.swift in Sources */,
				6D80F3B52956C89A004971A7 /* ContentView.swift in Sources */,
				6D80F3B32956C89A004971A7 /* test_watchkit_WatchAppApp.swift in Sources */,
				6D80F3BF2956CB23004971A7 /* AnimalListViewModel.swift in Sources */,
			);
			runOnlyForDeploymentPostprocessing = 0;
		};
/* End PBXSourcesBuildPhase section */

/* Begin PBXTargetDependency section */
		6D80F3C52956D0B9004971A7 /* PBXTargetDependency */ = {
			isa = PBXTargetDependency;
			target = 6D80F3AF2956C89A004971A7 /* test_watchkit WatchApp Watch App */;
			targetProxy = 6D80F3C42956D0B9004971A7 /* PBXContainerItemProxy */;
		};
/* End PBXTargetDependency section */

/* Begin PBXVariantGroup section */
		6D80F39E2956C87E004971A7 /* Main.storyboard */ = {
			isa = PBXVariantGroup;
			children = (
				6D80F39F2956C87E004971A7 /* Base */,
			);
			name = Main.storyboard;
			sourceTree = "<group>";
		};
		6D80F3A32956C87E004971A7 /* LaunchScreen.storyboard */ = {
			isa = PBXVariantGroup;
			children = (
				6D80F3A42956C87E004971A7 /* Base */,
			);
			name = LaunchScreen.storyboard;
			sourceTree = "<group>";
		};
/* End PBXVariantGroup section */

/* Begin XCBuildConfiguration section */
		6D80F3A72956C87E004971A7 /* Debug */ = {
			isa = XCBuildConfiguration;
			buildSettings = {
				ALWAYS_SEARCH_USER_PATHS = NO;
				CLANG_ANALYZER_NONNULL = YES;
				CLANG_ANALYZER_NUMBER_OBJECT_CONVERSION = YES_AGGRESSIVE;
				CLANG_CXX_LANGUAGE_STANDARD = "gnu++20";
				CLANG_ENABLE_MODULES = YES;
				CLANG_ENABLE_OBJC_ARC = YES;
				CLANG_ENABLE_OBJC_WEAK = YES;
				CLANG_WARN_BLOCK_CAPTURE_AUTORELEASING = YES;
				CLANG_WARN_BOOL_CONVERSION = YES;
				CLANG_WARN_COMMA = YES;
				CLANG_WARN_CONSTANT_CONVERSION = YES;
				CLANG_WARN_DEPRECATED_OBJC_IMPLEMENTATIONS = YES;
				CLANG_WARN_DIRECT_OBJC_ISA_USAGE = YES_ERROR;
				CLANG_WARN_DOCUMENTATION_COMMENTS = YES;
				CLANG_WARN_EMPTY_BODY = YES;
				CLANG_WARN_ENUM_CONVERSION = YES;
				CLANG_WARN_INFINITE_RECURSION = YES;
				CLANG_WARN_INT_CONVERSION = YES;
				CLANG_WARN_NON_LITERAL_NULL_CONVERSION = YES;
				CLANG_WARN_OBJC_IMPLICIT_RETAIN_SELF = YES;
				CLANG_WARN_OBJC_LITERAL_CONVERSION = YES;
				CLANG_WARN_OBJC_ROOT_CLASS = YES_ERROR;
				CLANG_WARN_QUOTED_INCLUDE_IN_FRAMEWORK_HEADER = YES;
				CLANG_WARN_RANGE_LOOP_ANALYSIS = YES;
				CLANG_WARN_STRICT_PROTOTYPES = YES;
				CLANG_WARN_SUSPICIOUS_MOVE = YES;
				CLANG_WARN_UNGUARDED_AVAILABILITY = YES_AGGRESSIVE;
				CLANG_WARN_UNREACHABLE_CODE = YES;
				CLANG_WARN__DUPLICATE_METHOD_MATCH = YES;
				COPY_PHASE_STRIP = NO;
				DEBUG_INFORMATION_FORMAT = dwarf;
				ENABLE_STRICT_OBJC_MSGSEND = YES;
				ENABLE_TESTABILITY = YES;
				GCC_C_LANGUAGE_STANDARD = gnu11;
				GCC_DYNAMIC_NO_PIC = NO;
				GCC_NO_COMMON_BLOCKS = YES;
				GCC_OPTIMIZATION_LEVEL = 0;
				GCC_PREPROCESSOR_DEFINITIONS = (
					"DEBUG=1",
					"$(inherited)",
				);
				GCC_WARN_64_TO_32_BIT_CONVERSION = YES;
				GCC_WARN_ABOUT_RETURN_TYPE = YES_ERROR;
				GCC_WARN_UNDECLARED_SELECTOR = YES;
				GCC_WARN_UNINITIALIZED_AUTOS = YES_AGGRESSIVE;
				GCC_WARN_UNUSED_FUNCTION = YES;
				GCC_WARN_UNUSED_VARIABLE = YES;
				IPHONEOS_DEPLOYMENT_TARGET = 16.2;
				MTL_ENABLE_DEBUG_INFO = INCLUDE_SOURCE;
				MTL_FAST_MATH = YES;
				ONLY_ACTIVE_ARCH = YES;
				SDKROOT = iphoneos;
				SWIFT_ACTIVE_COMPILATION_CONDITIONS = DEBUG;
				SWIFT_OPTIMIZATION_LEVEL = "-Onone";
			};
			name = Debug;
		};
		6D80F3A82956C87E004971A7 /* Release */ = {
			isa = XCBuildConfiguration;
			buildSettings = {
				ALWAYS_SEARCH_USER_PATHS = NO;
				CLANG_ANALYZER_NONNULL = YES;
				CLANG_ANALYZER_NUMBER_OBJECT_CONVERSION = YES_AGGRESSIVE;
				CLANG_CXX_LANGUAGE_STANDARD = "gnu++20";
				CLANG_ENABLE_MODULES = YES;
				CLANG_ENABLE_OBJC_ARC = YES;
				CLANG_ENABLE_OBJC_WEAK = YES;
				CLANG_WARN_BLOCK_CAPTURE_AUTORELEASING = YES;
				CLANG_WARN_BOOL_CONVERSION = YES;
				CLANG_WARN_COMMA = YES;
				CLANG_WARN_CONSTANT_CONVERSION = YES;
				CLANG_WARN_DEPRECATED_OBJC_IMPLEMENTATIONS = YES;
				CLANG_WARN_DIRECT_OBJC_ISA_USAGE = YES_ERROR;
				CLANG_WARN_DOCUMENTATION_COMMENTS = YES;
				CLANG_WARN_EMPTY_BODY = YES;
				CLANG_WARN_ENUM_CONVERSION = YES;
				CLANG_WARN_INFINITE_RECURSION = YES;
				CLANG_WARN_INT_CONVERSION = YES;
				CLANG_WARN_NON_LITERAL_NULL_CONVERSION = YES;
				CLANG_WARN_OBJC_IMPLICIT_RETAIN_SELF = YES;
				CLANG_WARN_OBJC_LITERAL_CONVERSION = YES;
				CLANG_WARN_OBJC_ROOT_CLASS = YES_ERROR;
				CLANG_WARN_QUOTED_INCLUDE_IN_FRAMEWORK_HEADER = YES;
				CLANG_WARN_RANGE_LOOP_ANALYSIS = YES;
				CLANG_WARN_STRICT_PROTOTYPES = YES;
				CLANG_WARN_SUSPICIOUS_MOVE = YES;
				CLANG_WARN_UNGUARDED_AVAILABILITY = YES_AGGRESSIVE;
				CLANG_WARN_UNREACHABLE_CODE = YES;
				CLANG_WARN__DUPLICATE_METHOD_MATCH = YES;
				COPY_PHASE_STRIP = NO;
				DEBUG_INFORMATION_FORMAT = "dwarf-with-dsym";
				ENABLE_NS_ASSERTIONS = NO;
				ENABLE_STRICT_OBJC_MSGSEND = YES;
				GCC_C_LANGUAGE_STANDARD = gnu11;
				GCC_NO_COMMON_BLOCKS = YES;
				GCC_WARN_64_TO_32_BIT_CONVERSION = YES;
				GCC_WARN_ABOUT_RETURN_TYPE = YES_ERROR;
				GCC_WARN_UNDECLARED_SELECTOR = YES;
				GCC_WARN_UNINITIALIZED_AUTOS = YES_AGGRESSIVE;
				GCC_WARN_UNUSED_FUNCTION = YES;
				GCC_WARN_UNUSED_VARIABLE = YES;
				IPHONEOS_DEPLOYMENT_TARGET = 16.2;
				MTL_ENABLE_DEBUG_INFO = NO;
				MTL_FAST_MATH = YES;
				SDKROOT = iphoneos;
				SWIFT_COMPILATION_MODE = wholemodule;
				SWIFT_OPTIMIZATION_LEVEL = "-O";
				VALIDATE_PRODUCT = YES;
			};
			name = Release;
		};
		6D80F3AA2956C87E004971A7 /* Debug */ = {
			isa = XCBuildConfiguration;
			buildSettings = {
				ASSETCATALOG_COMPILER_APPICON_NAME = AppIcon;
				ASSETCATALOG_COMPILER_GLOBAL_ACCENT_COLOR_NAME = AccentColor;
				CODE_SIGN_STYLE = Automatic;
				CURRENT_PROJECT_VERSION = 1;
				DEVELOPMENT_TEAM = 93LJ9T3CBB;
				GENERATE_INFOPLIST_FILE = YES;
				INFOPLIST_FILE = test_watchkit/Info.plist;
				INFOPLIST_KEY_UIApplicationSupportsIndirectInputEvents = YES;
				INFOPLIST_KEY_UILaunchStoryboardName = LaunchScreen;
				INFOPLIST_KEY_UIMainStoryboardFile = Main;
				INFOPLIST_KEY_UISupportedInterfaceOrientations_iPad = "UIInterfaceOrientationPortrait UIInterfaceOrientationPortraitUpsideDown UIInterfaceOrientationLandscapeLeft UIInterfaceOrientationLandscapeRight";
				INFOPLIST_KEY_UISupportedInterfaceOrientations_iPhone = "UIInterfaceOrientationPortrait UIInterfaceOrientationLandscapeLeft UIInterfaceOrientationLandscapeRight";
				IPHONEOS_DEPLOYMENT_TARGET = 16.0;
				LD_RUNPATH_SEARCH_PATHS = (
					"$(inherited)",
					"@executable_path/Frameworks",
				);
				MARKETING_VERSION = 1.0;
				PRODUCT_BUNDLE_IDENTIFIER = "AtsushiHosaka.test-watchkit";
				PRODUCT_NAME = "$(TARGET_NAME)";
				SWIFT_EMIT_LOC_STRINGS = YES;
				SWIFT_VERSION = 5.0;
				TARGETED_DEVICE_FAMILY = "1,2";
			};
			name = Debug;
		};
		6D80F3AB2956C87E004971A7 /* Release */ = {
			isa = XCBuildConfiguration;
			buildSettings = {
				ASSETCATALOG_COMPILER_APPICON_NAME = AppIcon;
				ASSETCATALOG_COMPILER_GLOBAL_ACCENT_COLOR_NAME = AccentColor;
				CODE_SIGN_STYLE = Automatic;
				CURRENT_PROJECT_VERSION = 1;
				DEVELOPMENT_TEAM = 93LJ9T3CBB;
				GENERATE_INFOPLIST_FILE = YES;
				INFOPLIST_FILE = test_watchkit/Info.plist;
				INFOPLIST_KEY_UIApplicationSupportsIndirectInputEvents = YES;
				INFOPLIST_KEY_UILaunchStoryboardName = LaunchScreen;
				INFOPLIST_KEY_UIMainStoryboardFile = Main;
				INFOPLIST_KEY_UISupportedInterfaceOrientations_iPad = "UIInterfaceOrientationPortrait UIInterfaceOrientationPortraitUpsideDown UIInterfaceOrientationLandscapeLeft UIInterfaceOrientationLandscapeRight";
				INFOPLIST_KEY_UISupportedInterfaceOrientations_iPhone = "UIInterfaceOrientationPortrait UIInterfaceOrientationLandscapeLeft UIInterfaceOrientationLandscapeRight";
				IPHONEOS_DEPLOYMENT_TARGET = 16.0;
				LD_RUNPATH_SEARCH_PATHS = (
					"$(inherited)",
					"@executable_path/Frameworks",
				);
				MARKETING_VERSION = 1.0;
				PRODUCT_BUNDLE_IDENTIFIER = "AtsushiHosaka.test-watchkit";
				PRODUCT_NAME = "$(TARGET_NAME)";
				SWIFT_EMIT_LOC_STRINGS = YES;
				SWIFT_VERSION = 5.0;
				TARGETED_DEVICE_FAMILY = "1,2";
			};
			name = Release;
		};
		6D80F3BC2956C89A004971A7 /* Debug */ = {
			isa = XCBuildConfiguration;
			buildSettings = {
				ASSETCATALOG_COMPILER_APPICON_NAME = AppIcon;
				ASSETCATALOG_COMPILER_GLOBAL_ACCENT_COLOR_NAME = AccentColor;
				CODE_SIGN_ENTITLEMENTS = "test_watchkit WatchApp Watch App/test_watchkit WatchApp Watch App.entitlements";
				CODE_SIGN_STYLE = Automatic;
				CURRENT_PROJECT_VERSION = 1;
				DEVELOPMENT_ASSET_PATHS = "\"test_watchkit WatchApp Watch App/Preview Content\"";
				DEVELOPMENT_TEAM = 93LJ9T3CBB;
				ENABLE_PREVIEWS = YES;
				GENERATE_INFOPLIST_FILE = YES;
				INFOPLIST_KEY_CFBundleDisplayName = "test_watchkit WatchApp";
				INFOPLIST_KEY_NSHealthClinicalHealthRecordsShareUsageDescription = "Workouts tracked by MyWorkouts on Apple Watch will be saved to HealthKit.";
				INFOPLIST_KEY_NSHealthShareUsageDescription = "Workouts tracked by MyWorkouts on Apple Watch will be saved to HealthKit.";
				INFOPLIST_KEY_NSHealthUpdateUsageDescription = "Workouts tracked by MyWorkouts on Apple Watch will be saved to HealthKit.";
				INFOPLIST_KEY_UISupportedInterfaceOrientations = "UIInterfaceOrientationPortrait UIInterfaceOrientationPortraitUpsideDown";
				INFOPLIST_KEY_WKCompanionAppBundleIdentifier = "AtsushiHosaka.test-watchkit";
				LD_RUNPATH_SEARCH_PATHS = (
					"$(inherited)",
					"@executable_path/Frameworks",
				);
				MARKETING_VERSION = 1.0;
				PRODUCT_BUNDLE_IDENTIFIER = "AtsushiHosaka.test-watchkit.watchkitapp";
				PRODUCT_NAME = "$(TARGET_NAME)";
				SDKROOT = watchos;
				SKIP_INSTALL = YES;
				SWIFT_EMIT_LOC_STRINGS = YES;
				SWIFT_VERSION = 5.0;
				TARGETED_DEVICE_FAMILY = 4;
				WATCHOS_DEPLOYMENT_TARGET = 9.1;
			};
			name = Debug;
		};
		6D80F3BD2956C89A004971A7 /* Release */ = {
			isa = XCBuildConfiguration;
			buildSettings = {
				ASSETCATALOG_COMPILER_APPICON_NAME = AppIcon;
				ASSETCATALOG_COMPILER_GLOBAL_ACCENT_COLOR_NAME = AccentColor;
				CODE_SIGN_ENTITLEMENTS = "test_watchkit WatchApp Watch App/test_watchkit WatchApp Watch App.entitlements";
				CODE_SIGN_STYLE = Automatic;
				CURRENT_PROJECT_VERSION = 1;
				DEVELOPMENT_ASSET_PATHS = "\"test_watchkit WatchApp Watch App/Preview Content\"";
				DEVELOPMENT_TEAM = 93LJ9T3CBB;
				ENABLE_PREVIEWS = YES;
				GENERATE_INFOPLIST_FILE = YES;
				INFOPLIST_KEY_CFBundleDisplayName = "test_watchkit WatchApp";
				INFOPLIST_KEY_NSHealthClinicalHealthRecordsShareUsageDescription = "Workouts tracked by MyWorkouts on Apple Watch will be saved to HealthKit.";
				INFOPLIST_KEY_NSHealthShareUsageDescription = "Workouts tracked by MyWorkouts on Apple Watch will be saved to HealthKit.";
				INFOPLIST_KEY_NSHealthUpdateUsageDescription = "Workouts tracked by MyWorkouts on Apple Watch will be saved to HealthKit.";
				INFOPLIST_KEY_UISupportedInterfaceOrientations = "UIInterfaceOrientationPortrait UIInterfaceOrientationPortraitUpsideDown";
				INFOPLIST_KEY_WKCompanionAppBundleIdentifier = "AtsushiHosaka.test-watchkit";
				LD_RUNPATH_SEARCH_PATHS = (
					"$(inherited)",
					"@executable_path/Frameworks",
				);
				MARKETING_VERSION = 1.0;
				PRODUCT_BUNDLE_IDENTIFIER = "AtsushiHosaka.test-watchkit.watchkitapp";
				PRODUCT_NAME = "$(TARGET_NAME)";
				SDKROOT = watchos;
				SKIP_INSTALL = YES;
				SWIFT_EMIT_LOC_STRINGS = YES;
				SWIFT_VERSION = 5.0;
				TARGETED_DEVICE_FAMILY = 4;
				WATCHOS_DEPLOYMENT_TARGET = 9.1;
			};
			name = Release;
		};
/* End XCBuildConfiguration section */

/* Begin XCConfigurationList section */
		6D80F3902956C87E004971A7 /* Build configuration list for PBXProject "test_watchkit" */ = {
			isa = XCConfigurationList;
			buildConfigurations = (
				6D80F3A72956C87E004971A7 /* Debug */,
				6D80F3A82956C87E004971A7 /* Release */,
			);
			defaultConfigurationIsVisible = 0;
			defaultConfigurationName = Release;
		};
		6D80F3A92956C87E004971A7 /* Build configuration list for PBXNativeTarget "test_watchkit" */ = {
			isa = XCConfigurationList;
			buildConfigurations = (
				6D80F3AA2956C87E004971A7 /* Debug */,
				6D80F3AB2956C87E004971A7 /* Release */,
			);
			defaultConfigurationIsVisible = 0;
			defaultConfigurationName = Release;
		};
		6D80F3BB2956C89A004971A7 /* Build configuration list for PBXNativeTarget "test_watchkit WatchApp Watch App" */ = {
			isa = XCConfigurationList;
			buildConfigurations = (
				6D80F3BC2956C89A004971A7 /* Debug */,
				6D80F3BD2956C89A004971A7 /* Release */,
			);
			defaultConfigurationIsVisible = 0;
			defaultConfigurationName = Release;
		};
/* End XCConfigurationList section */
	};
	rootObject = 6D80F38D2956C87E004971A7 /* Project object */;
}
